// !$*UTF8*$!
{
	archiveVersion = 1;
	classes = {
	};
	objectVersion = 46;
	objects = {

/* Begin PBXBuildFile section */
		618ACA7D1C47AB0000CD49D6 /* SPTServerAuthentication.cpp in Sources */ = {isa = PBXBuildFile; fileRef = 618ACA7B1C47AB0000CD49D6 /* SPTServerAuthentication.cpp */; };
		61A4F1CF1C47E7DB00D8F14F /* libpam.dylib in Frameworks */ = {isa = PBXBuildFile; fileRef = 61A4F1CE1C47E7DB00D8F14F /* libpam.dylib */; };
		7A43EEEB1C46E0110010A453 /* testclient.cpp in Sources */ = {isa = PBXBuildFile; fileRef = 7A43EEE91C46E0110010A453 /* testclient.cpp */; };
		7A6F6B801C47954C002225FB /* SPTServer.cpp in Sources */ = {isa = PBXBuildFile; fileRef = 7A6F6B7E1C47954C002225FB /* SPTServer.cpp */; };
		7A6F6B821C47A0C7002225FB /* testserver.cpp in Sources */ = {isa = PBXBuildFile; fileRef = 7A6F6B811C47A0C7002225FB /* testserver.cpp */; };
		7AD163991C45C814009DA7BA /* main.cpp in Sources */ = {isa = PBXBuildFile; fileRef = 7AD163981C45C814009DA7BA /* main.cpp */; };
		7AD163A01C45C91E009DA7BA /* libssh.dylib in Frameworks */ = {isa = PBXBuildFile; fileRef = 7AD1639F1C45C91E009DA7BA /* libssh.dylib */; };
/* End PBXBuildFile section */

/* Begin PBXCopyFilesBuildPhase section */
		7AD163931C45C814009DA7BA /* CopyFiles */ = {
			isa = PBXCopyFilesBuildPhase;
			buildActionMask = 2147483647;
			dstPath = /usr/share/man/man1/;
			dstSubfolderSpec = 0;
			files = (
			);
			runOnlyForDeploymentPostprocessing = 1;
		};
/* End PBXCopyFilesBuildPhase section */

/* Begin PBXFileReference section */
		618ACA7B1C47AB0000CD49D6 /* SPTServerAuthentication.cpp */ = {isa = PBXFileReference; fileEncoding = 4; lastKnownFileType = sourcecode.cpp.cpp; path = SPTServerAuthentication.cpp; sourceTree = "<group>"; };
		618ACA7C1C47AB0000CD49D6 /* SPTServerAuthentication.hpp */ = {isa = PBXFileReference; fileEncoding = 4; lastKnownFileType = sourcecode.cpp.h; path = SPTServerAuthentication.hpp; sourceTree = "<group>"; };
		61A4F1CE1C47E7DB00D8F14F /* libpam.dylib */ = {isa = PBXFileReference; lastKnownFileType = "compiled.mach-o.dylib"; name = libpam.dylib; path = ../../../../../usr/lib/libpam.dylib; sourceTree = "<group>"; };
		7A43EEE91C46E0110010A453 /* testclient.cpp */ = {isa = PBXFileReference; fileEncoding = 4; lastKnownFileType = sourcecode.cpp.cpp; path = testclient.cpp; sourceTree = "<group>"; };
		7A6F6B7E1C47954C002225FB /* SPTServer.cpp */ = {isa = PBXFileReference; fileEncoding = 4; lastKnownFileType = sourcecode.cpp.cpp; path = SPTServer.cpp; sourceTree = "<group>"; };
		7A6F6B7F1C47954C002225FB /* SPTServer.hpp */ = {isa = PBXFileReference; fileEncoding = 4; lastKnownFileType = sourcecode.cpp.h; path = SPTServer.hpp; sourceTree = "<group>"; };
		7A6F6B811C47A0C7002225FB /* testserver.cpp */ = {isa = PBXFileReference; fileEncoding = 4; lastKnownFileType = sourcecode.cpp.cpp; path = testserver.cpp; sourceTree = "<group>"; };
		7AD163951C45C814009DA7BA /* Spatch */ = {isa = PBXFileReference; explicitFileType = "compiled.mach-o.executable"; includeInIndex = 0; path = Spatch; sourceTree = BUILT_PRODUCTS_DIR; };
		7AD163981C45C814009DA7BA /* main.cpp */ = {isa = PBXFileReference; lastKnownFileType = sourcecode.cpp.cpp; path = main.cpp; sourceTree = "<group>"; };
		7AD1639F1C45C91E009DA7BA /* libssh.dylib */ = {isa = PBXFileReference; lastKnownFileType = "compiled.mach-o.dylib"; name = libssh.dylib; path = ../../../../../usr/local/Cellar/libssh/0.7.1/lib/libssh.dylib; sourceTree = "<group>"; };
/* End PBXFileReference section */

/* Begin PBXFrameworksBuildPhase section */
		7AD163921C45C814009DA7BA /* Frameworks */ = {
			isa = PBXFrameworksBuildPhase;
			buildActionMask = 2147483647;
			files = (
				7AD163A01C45C91E009DA7BA /* libssh.dylib in Frameworks */,
				61A4F1CF1C47E7DB00D8F14F /* libpam.dylib in Frameworks */,
			);
			runOnlyForDeploymentPostprocessing = 0;
		};
/* End PBXFrameworksBuildPhase section */

/* Begin PBXGroup section */
		7AD1638C1C45C814009DA7BA = {
			isa = PBXGroup;
			children = (
				7AD1639F1C45C91E009DA7BA /* libssh.dylib */,
				61A4F1CE1C47E7DB00D8F14F /* libpam.dylib */,
				7AD163971C45C814009DA7BA /* Spatch */,
				7AD163961C45C814009DA7BA /* Products */,
			);
			sourceTree = "<group>";
		};
		7AD163961C45C814009DA7BA /* Products */ = {
			isa = PBXGroup;
			children = (
				7AD163951C45C814009DA7BA /* Spatch */,
			);
			name = Products;
			sourceTree = "<group>";
		};
		7AD163971C45C814009DA7BA /* Spatch */ = {
			isa = PBXGroup;
			children = (
				7A6F6B811C47A0C7002225FB /* testserver.cpp */,
				7A43EEE91C46E0110010A453 /* testclient.cpp */,
				7AD163981C45C814009DA7BA /* main.cpp */,
				7A6F6B7E1C47954C002225FB /* SPTServer.cpp */,
				7A6F6B7F1C47954C002225FB /* SPTServer.hpp */,
				618ACA7B1C47AB0000CD49D6 /* SPTServerAuthentication.cpp */,
				618ACA7C1C47AB0000CD49D6 /* SPTServerAuthentication.hpp */,
			);
			path = Spatch;
			sourceTree = "<group>";
		};
/* End PBXGroup section */

/* Begin PBXNativeTarget section */
		7AD163941C45C814009DA7BA /* Spatch */ = {
			isa = PBXNativeTarget;
			buildConfigurationList = 7AD1639C1C45C814009DA7BA /* Build configuration list for PBXNativeTarget "Spatch" */;
			buildPhases = (
				7AD163911C45C814009DA7BA /* Sources */,
				7AD163921C45C814009DA7BA /* Frameworks */,
				7AD163931C45C814009DA7BA /* CopyFiles */,
			);
			buildRules = (
			);
			dependencies = (
			);
			name = Spatch;
			productName = Spatch;
			productReference = 7AD163951C45C814009DA7BA /* Spatch */;
			productType = "com.apple.product-type.tool";
		};
/* End PBXNativeTarget section */

/* Begin PBXProject section */
		7AD1638D1C45C814009DA7BA /* Project object */ = {
			isa = PBXProject;
			attributes = {
				CLASSPREFIX = SPT;
				LastUpgradeCheck = 0720;
				ORGANIZATIONNAME = adrienlouf;
				TargetAttributes = {
					7AD163941C45C814009DA7BA = {
						CreatedOnToolsVersion = 7.2;
					};
				};
			};
			buildConfigurationList = 7AD163901C45C814009DA7BA /* Build configuration list for PBXProject "Spatch" */;
			compatibilityVersion = "Xcode 3.2";
			developmentRegion = English;
			hasScannedForEncodings = 0;
			knownRegions = (
				en,
			);
			mainGroup = 7AD1638C1C45C814009DA7BA;
			productRefGroup = 7AD163961C45C814009DA7BA /* Products */;
			projectDirPath = "";
			projectRoot = "";
			targets = (
				7AD163941C45C814009DA7BA /* Spatch */,
			);
		};
/* End PBXProject section */

/* Begin PBXSourcesBuildPhase section */
		7AD163911C45C814009DA7BA /* Sources */ = {
			isa = PBXSourcesBuildPhase;
			buildActionMask = 2147483647;
			files = (
				7A6F6B801C47954C002225FB /* SPTServer.cpp in Sources */,
				7A43EEEB1C46E0110010A453 /* testclient.cpp in Sources */,
				7A6F6B821C47A0C7002225FB /* testserver.cpp in Sources */,
				618ACA7D1C47AB0000CD49D6 /* SPTServerAuthentication.cpp in Sources */,
				7AD163991C45C814009DA7BA /* main.cpp in Sources */,
			);
			runOnlyForDeploymentPostprocessing = 0;
		};
/* End PBXSourcesBuildPhase section */

/* Begin XCBuildConfiguration section */
		7AD1639A1C45C814009DA7BA /* Debug */ = {
			isa = XCBuildConfiguration;
			buildSettings = {
				ALWAYS_SEARCH_USER_PATHS = NO;
				CLANG_CXX_LANGUAGE_STANDARD = "gnu++0x";
				CLANG_CXX_LIBRARY = "libc++";
				CLANG_ENABLE_MODULES = YES;
				CLANG_ENABLE_OBJC_ARC = YES;
				CLANG_WARN_BOOL_CONVERSION = YES;
				CLANG_WARN_CONSTANT_CONVERSION = YES;
				CLANG_WARN_DIRECT_OBJC_ISA_USAGE = YES_ERROR;
				CLANG_WARN_EMPTY_BODY = YES;
				CLANG_WARN_ENUM_CONVERSION = YES;
				CLANG_WARN_INT_CONVERSION = YES;
				CLANG_WARN_OBJC_ROOT_CLASS = YES_ERROR;
				CLANG_WARN_UNREACHABLE_CODE = YES;
				CLANG_WARN__DUPLICATE_METHOD_MATCH = YES;
				CODE_SIGN_IDENTITY = "-";
				COPY_PHASE_STRIP = NO;
				DEBUG_INFORMATION_FORMAT = dwarf;
				ENABLE_STRICT_OBJC_MSGSEND = YES;
				ENABLE_TESTABILITY = YES;
				GCC_C_LANGUAGE_STANDARD = gnu99;
				GCC_DYNAMIC_NO_PIC = NO;
				GCC_NO_COMMON_BLOCKS = YES;
				GCC_OPTIMIZATION_LEVEL = 0;
				GCC_PREPROCESSOR_DEFINITIONS = (
					"DEBUG=1",
					"$(inherited)",
				);
				GCC_WARN_64_TO_32_BIT_CONVERSION = YES;
				GCC_WARN_ABOUT_RETURN_TYPE = YES_ERROR;
				GCC_WARN_UNDECLARED_SELECTOR = YES;
				GCC_WARN_UNINITIALIZED_AUTOS = YES_AGGRESSIVE;
				GCC_WARN_UNUSED_FUNCTION = YES;
				GCC_WARN_UNUSED_VARIABLE = YES;
				MACOSX_DEPLOYMENT_TARGET = 10.11;
				MTL_ENABLE_DEBUG_INFO = YES;
				ONLY_ACTIVE_ARCH = YES;
				SDKROOT = macosx;
			};
			name = Debug;
		};
		7AD1639B1C45C814009DA7BA /* Release */ = {
			isa = XCBuildConfiguration;
			buildSettings = {
				ALWAYS_SEARCH_USER_PATHS = NO;
				CLANG_CXX_LANGUAGE_STANDARD = "gnu++0x";
				CLANG_CXX_LIBRARY = "libc++";
				CLANG_ENABLE_MODULES = YES;
				CLANG_ENABLE_OBJC_ARC = YES;
				CLANG_WARN_BOOL_CONVERSION = YES;
				CLANG_WARN_CONSTANT_CONVERSION = YES;
				CLANG_WARN_DIRECT_OBJC_ISA_USAGE = YES_ERROR;
				CLANG_WARN_EMPTY_BODY = YES;
				CLANG_WARN_ENUM_CONVERSION = YES;
				CLANG_WARN_INT_CONVERSION = YES;
				CLANG_WARN_OBJC_ROOT_CLASS = YES_ERROR;
				CLANG_WARN_UNREACHABLE_CODE = YES;
				CLANG_WARN__DUPLICATE_METHOD_MATCH = YES;
				CODE_SIGN_IDENTITY = "-";
				COPY_PHASE_STRIP = NO;
				DEBUG_INFORMATION_FORMAT = "dwarf-with-dsym";
				ENABLE_NS_ASSERTIONS = NO;
				ENABLE_STRICT_OBJC_MSGSEND = YES;
				GCC_C_LANGUAGE_STANDARD = gnu99;
				GCC_NO_COMMON_BLOCKS = YES;
				GCC_WARN_64_TO_32_BIT_CONVERSION = YES;
				GCC_WARN_ABOUT_RETURN_TYPE = YES_ERROR;
				GCC_WARN_UNDECLARED_SELECTOR = YES;
				GCC_WARN_UNINITIALIZED_AUTOS = YES_AGGRESSIVE;
				GCC_WARN_UNUSED_FUNCTION = YES;
				GCC_WARN_UNUSED_VARIABLE = YES;
				MACOSX_DEPLOYMENT_TARGET = 10.11;
				MTL_ENABLE_DEBUG_INFO = NO;
				SDKROOT = macosx;
			};
			name = Release;
		};
		7AD1639D1C45C814009DA7BA /* Debug */ = {
			isa = XCBuildConfiguration;
			buildSettings = {
				HEADER_SEARCH_PATHS = (
					/usr/local/Cellar/libssh/0.7.1/include,
					/usr/include,
				);
				LIBRARY_SEARCH_PATHS = (
					"$(inherited)",
					/usr/local/Cellar/libssh/0.7.1/lib,
				);
				PRODUCT_NAME = "$(TARGET_NAME)";
			};
			name = Debug;
		};
		7AD1639E1C45C814009DA7BA /* Release */ = {
			isa = XCBuildConfiguration;
			buildSettings = {
				HEADER_SEARCH_PATHS = (
					/usr/local/Cellar/libssh/0.7.1/include,
					/usr/include,
				);
				LIBRARY_SEARCH_PATHS = (
					"$(inherited)",
					/usr/local/Cellar/libssh/0.7.1/lib,
				);
				PRODUCT_NAME = "$(TARGET_NAME)";
			};
			name = Release;
		};
/* End XCBuildConfiguration section */

/* Begin XCConfigurationList section */
		7AD163901C45C814009DA7BA /* Build configuration list for PBXProject "Spatch" */ = {
			isa = XCConfigurationList;
			buildConfigurations = (
				7AD1639A1C45C814009DA7BA /* Debug */,
				7AD1639B1C45C814009DA7BA /* Release */,
			);
			defaultConfigurationIsVisible = 0;
			defaultConfigurationName = Release;
		};
		7AD1639C1C45C814009DA7BA /* Build configuration list for PBXNativeTarget "Spatch" */ = {
			isa = XCConfigurationList;
			buildConfigurations = (
				7AD1639D1C45C814009DA7BA /* Debug */,
				7AD1639E1C45C814009DA7BA /* Release */,
			);
			defaultConfigurationIsVisible = 0;
			defaultConfigurationName = Release;
		};
/* End XCConfigurationList section */
	};
	rootObject = 7AD1638D1C45C814009DA7BA /* Project object */;
}
